
Microsoft Visual Studio Solution File, Format Version 12.00
# Visual Studio Version 17
VisualStudioVersion = 17.3.32811.315
MinimumVisualStudioVersion = 10.0.40219.1
Project("{FAE04EC0-301F-11D3-BF4B-00C04F79EFBC}") = "params_keyword", "params_keyword\params_keyword.csproj", "{8B72D436-C295-4B8D-934D-ABE1B6771DF7}"
EndProject
Global
	GlobalSection(SolutionConfigurationPlatforms) = preSolution
		Debug|Any CPU = Debug|Any CPU
		Release|Any CPU = Release|Any CPU
	EndGlobalSection
	GlobalSection(ProjectConfigurationPlatforms) = postSolution
		{8B72D436-C295-4B8D-934D-ABE1B6771DF7}.Debug|Any CPU.ActiveCfg = Debug|Any CPU
		{8B72D436-C295-4B8D-934D-ABE1B6771DF7}.Debug|Any CPU.Build.0 = Debug|Any CPU
		{8B72D436-C295-4B8D-934D-ABE1B6771DF7}.Release|Any CPU.ActiveCfg = Release|Any CPU
		{8B72D436-C295-4B8D-934D-ABE1B6771DF7}.Release|Any CPU.Build.0 = Release|Any CPU
	EndGlobalSection
	GlobalSection(SolutionProperties) = preSolution
		HideSolutionNode = FALSE
	EndGlobalSection
	GlobalSection(ExtensibilityGlobals) = postSolution
		SolutionGuid = {4206BE41-D6EC-475E-9A8D-C9CF9A91C67C}
	EndGlobalSection
EndGlobal
